// !$*UTF8*$!
{
	archiveVersion = 1;
	classes = {
	};
	objectVersion = 56;
	objects = {

/* Begin PBXBuildFile section */
		D90829AE2BD7B811009F0624 /* DataPersistenceManager.swift in Sources */ = {isa = PBXBuildFile; fileRef = D90829AD2BD7B811009F0624 /* DataPersistenceManager.swift */; };
		D9549BD62B8EEFE900D32D0A /* TitleTableViewCell.swift in Sources */ = {isa = PBXBuildFile; fileRef = D9549BD52B8EEFE900D32D0A /* TitleTableViewCell.swift */; };
		D9549BD82B8EF42C00D32D0A /* TitleViewModel.swift in Sources */ = {isa = PBXBuildFile; fileRef = D9549BD72B8EF42C00D32D0A /* TitleViewModel.swift */; };
		D95859082B8B2077006A32EA /* CollectionViewTableViewCell.swift in Sources */ = {isa = PBXBuildFile; fileRef = D95859072B8B2077006A32EA /* CollectionViewTableViewCell.swift */; };
		D967B0D72BD6B870004E9127 /* NetflixColneModel.xcdatamodeld in Sources */ = {isa = PBXBuildFile; fileRef = D967B0D52BD6B870004E9127 /* NetflixColneModel.xcdatamodeld */; };
		D97921D62B99F03B00DA580E /* YoutubeSearchResponse.swift in Sources */ = {isa = PBXBuildFile; fileRef = D97921D52B99F03B00DA580E /* YoutubeSearchResponse.swift */; };
		D97B17F82B8CB9E800079D6F /* TitleCollectionViewCell.swift in Sources */ = {isa = PBXBuildFile; fileRef = D97B17F72B8CB9E800079D6F /* TitleCollectionViewCell.swift */; };
		D97B17FB2B8CBB6F00079D6F /* SDWebImage in Frameworks */ = {isa = PBXBuildFile; productRef = D97B17FA2B8CBB6F00079D6F /* SDWebImage */; };
		D97B17FD2B8CBB6F00079D6F /* SDWebImageMapKit in Frameworks */ = {isa = PBXBuildFile; productRef = D97B17FC2B8CBB6F00079D6F /* SDWebImageMapKit */; };
		D98811BF2B8AFD14009ECC53 /* AppDelegate.swift in Sources */ = {isa = PBXBuildFile; fileRef = D98811BE2B8AFD14009ECC53 /* AppDelegate.swift */; };
		D98811C12B8AFD14009ECC53 /* SceneDelegate.swift in Sources */ = {isa = PBXBuildFile; fileRef = D98811C02B8AFD14009ECC53 /* SceneDelegate.swift */; };
		D98811C32B8AFD14009ECC53 /* MainTabBarViewController.swift in Sources */ = {isa = PBXBuildFile; fileRef = D98811C22B8AFD14009ECC53 /* MainTabBarViewController.swift */; };
		D98811C82B8AFD16009ECC53 /* Assets.xcassets in Resources */ = {isa = PBXBuildFile; fileRef = D98811C72B8AFD16009ECC53 /* Assets.xcassets */; };
		D98811CB2B8AFD16009ECC53 /* LaunchScreen.storyboard in Resources */ = {isa = PBXBuildFile; fileRef = D98811C92B8AFD16009ECC53 /* LaunchScreen.storyboard */; };
		D98811D42B8AFE71009ECC53 /* HomeViewController.swift in Sources */ = {isa = PBXBuildFile; fileRef = D98811D32B8AFE71009ECC53 /* HomeViewController.swift */; };
		D98811D62B8AFECC009ECC53 /* UpcomingViewController.swift in Sources */ = {isa = PBXBuildFile; fileRef = D98811D52B8AFECC009ECC53 /* UpcomingViewController.swift */; };
		D98811D82B8AFF1C009ECC53 /* SearchViewController.swift in Sources */ = {isa = PBXBuildFile; fileRef = D98811D72B8AFF1C009ECC53 /* SearchViewController.swift */; };
		D98811DA2B8AFF32009ECC53 /* DownloadViewController.swift in Sources */ = {isa = PBXBuildFile; fileRef = D98811D92B8AFF32009ECC53 /* DownloadViewController.swift */; };
		D99AFFE32B8C8C870035C506 /* Extensions.swift in Sources */ = {isa = PBXBuildFile; fileRef = D99AFFE22B8C8C870035C506 /* Extensions.swift */; };
		D9A118EC2B9CB1B300C4FA5A /* TitlePreviewViewController.swift in Sources */ = {isa = PBXBuildFile; fileRef = D9A118EB2B9CB1B300C4FA5A /* TitlePreviewViewController.swift */; };
		D9A634F92B8B3C7700ABF9A0 /* HeroHeaderUIView.swift in Sources */ = {isa = PBXBuildFile; fileRef = D9A634F82B8B3C7700ABF9A0 /* HeroHeaderUIView.swift */; };
		D9AB39C82BA3A0D7004DCDF4 /* TitlePreviewViewModel.swift in Sources */ = {isa = PBXBuildFile; fileRef = D9AB39C72BA3A0D7004DCDF4 /* TitlePreviewViewModel.swift */; };
		D9B0336F2B8F30A400E6A84F /* SearchResultsViewController.swift in Sources */ = {isa = PBXBuildFile; fileRef = D9B0336E2B8F30A400E6A84F /* SearchResultsViewController.swift */; };
		D9E12EA02B8C701E00EBD538 /* APICaller.swift in Sources */ = {isa = PBXBuildFile; fileRef = D9E12E9F2B8C701E00EBD538 /* APICaller.swift */; };
		D9E12EA22B8C776700EBD538 /* Title.swift in Sources */ = {isa = PBXBuildFile; fileRef = D9E12EA12B8C776700EBD538 /* Title.swift */; };
/* End PBXBuildFile section */

/* Begin PBXFileReference section */
		D90829AD2BD7B811009F0624 /* DataPersistenceManager.swift */ = {isa = PBXFileReference; lastKnownFileType = sourcecode.swift; path = DataPersistenceManager.swift; sourceTree = "<group>"; };
		D9549BD52B8EEFE900D32D0A /* TitleTableViewCell.swift */ = {isa = PBXFileReference; lastKnownFileType = sourcecode.swift; path = TitleTableViewCell.swift; sourceTree = "<group>"; };
		D9549BD72B8EF42C00D32D0A /* TitleViewModel.swift */ = {isa = PBXFileReference; lastKnownFileType = sourcecode.swift; path = TitleViewModel.swift; sourceTree = "<group>"; };
		D95859072B8B2077006A32EA /* CollectionViewTableViewCell.swift */ = {isa = PBXFileReference; lastKnownFileType = sourcecode.swift; path = CollectionViewTableViewCell.swift; sourceTree = "<group>"; };
		D967B0D62BD6B870004E9127 /* NetflixColneModel.xcdatamodel */ = {isa = PBXFileReference; lastKnownFileType = wrapper.xcdatamodel; path = NetflixColneModel.xcdatamodel; sourceTree = "<group>"; };
		D97921D52B99F03B00DA580E /* YoutubeSearchResponse.swift */ = {isa = PBXFileReference; lastKnownFileType = sourcecode.swift; path = YoutubeSearchResponse.swift; sourceTree = "<group>"; };
		D97B17F72B8CB9E800079D6F /* TitleCollectionViewCell.swift */ = {isa = PBXFileReference; lastKnownFileType = sourcecode.swift; path = TitleCollectionViewCell.swift; sourceTree = "<group>"; };
		D98811BB2B8AFD14009ECC53 /* Netflix Clone.app */ = {isa = PBXFileReference; explicitFileType = wrapper.application; includeInIndex = 0; path = "Netflix Clone.app"; sourceTree = BUILT_PRODUCTS_DIR; };
		D98811BE2B8AFD14009ECC53 /* AppDelegate.swift */ = {isa = PBXFileReference; lastKnownFileType = sourcecode.swift; path = AppDelegate.swift; sourceTree = "<group>"; };
		D98811C02B8AFD14009ECC53 /* SceneDelegate.swift */ = {isa = PBXFileReference; lastKnownFileType = sourcecode.swift; path = SceneDelegate.swift; sourceTree = "<group>"; };
		D98811C22B8AFD14009ECC53 /* MainTabBarViewController.swift */ = {isa = PBXFileReference; lastKnownFileType = sourcecode.swift; path = MainTabBarViewController.swift; sourceTree = "<group>"; };
		D98811C72B8AFD16009ECC53 /* Assets.xcassets */ = {isa = PBXFileReference; lastKnownFileType = folder.assetcatalog; path = Assets.xcassets; sourceTree = "<group>"; };
		D98811CA2B8AFD16009ECC53 /* Base */ = {isa = PBXFileReference; lastKnownFileType = file.storyboard; name = Base; path = Base.lproj/LaunchScreen.storyboard; sourceTree = "<group>"; };
		D98811CC2B8AFD16009ECC53 /* Info.plist */ = {isa = PBXFileReference; lastKnownFileType = text.plist.xml; path = Info.plist; sourceTree = "<group>"; };
		D98811D32B8AFE71009ECC53 /* HomeViewController.swift */ = {isa = PBXFileReference; lastKnownFileType = sourcecode.swift; path = HomeViewController.swift; sourceTree = "<group>"; };
		D98811D52B8AFECC009ECC53 /* UpcomingViewController.swift */ = {isa = PBXFileReference; lastKnownFileType = sourcecode.swift; path = UpcomingViewController.swift; sourceTree = "<group>"; };
		D98811D72B8AFF1C009ECC53 /* SearchViewController.swift */ = {isa = PBXFileReference; lastKnownFileType = sourcecode.swift; path = SearchViewController.swift; sourceTree = "<group>"; };
		D98811D92B8AFF32009ECC53 /* DownloadViewController.swift */ = {isa = PBXFileReference; lastKnownFileType = sourcecode.swift; path = DownloadViewController.swift; sourceTree = "<group>"; };
		D99AFFE22B8C8C870035C506 /* Extensions.swift */ = {isa = PBXFileReference; lastKnownFileType = sourcecode.swift; path = Extensions.swift; sourceTree = "<group>"; };
		D9A118EB2B9CB1B300C4FA5A /* TitlePreviewViewController.swift */ = {isa = PBXFileReference; lastKnownFileType = sourcecode.swift; path = TitlePreviewViewController.swift; sourceTree = "<group>"; };
		D9A634F82B8B3C7700ABF9A0 /* HeroHeaderUIView.swift */ = {isa = PBXFileReference; lastKnownFileType = sourcecode.swift; path = HeroHeaderUIView.swift; sourceTree = "<group>"; };
		D9AB39C72BA3A0D7004DCDF4 /* TitlePreviewViewModel.swift */ = {isa = PBXFileReference; lastKnownFileType = sourcecode.swift; path = TitlePreviewViewModel.swift; sourceTree = "<group>"; };
		D9B0336E2B8F30A400E6A84F /* SearchResultsViewController.swift */ = {isa = PBXFileReference; lastKnownFileType = sourcecode.swift; path = SearchResultsViewController.swift; sourceTree = "<group>"; };
		D9E12E9F2B8C701E00EBD538 /* APICaller.swift */ = {isa = PBXFileReference; lastKnownFileType = sourcecode.swift; path = APICaller.swift; sourceTree = "<group>"; };
		D9E12EA12B8C776700EBD538 /* Title.swift */ = {isa = PBXFileReference; lastKnownFileType = sourcecode.swift; path = Title.swift; sourceTree = "<group>"; };
/* End PBXFileReference section */

/* Begin PBXFrameworksBuildPhase section */
		D98811B82B8AFD14009ECC53 /* Frameworks */ = {
			isa = PBXFrameworksBuildPhase;
			buildActionMask = 2147483647;
			files = (
				D97B17FD2B8CBB6F00079D6F /* SDWebImageMapKit in Frameworks */,
				D97B17FB2B8CBB6F00079D6F /* SDWebImage in Frameworks */,
			);
			runOnlyForDeploymentPostprocessing = 0;
		};
/* End PBXFrameworksBuildPhase section */

/* Begin PBXGroup section */
		D95859022B8B2010006A32EA /* ViewModels */ = {
			isa = PBXGroup;
			children = (
				D9549BD72B8EF42C00D32D0A /* TitleViewModel.swift */,
				D9AB39C72BA3A0D7004DCDF4 /* TitlePreviewViewModel.swift */,
			);
			path = ViewModels;
			sourceTree = "<group>";
		};
		D95859032B8B201A006A32EA /* Views */ = {
			isa = PBXGroup;
			children = (
				D95859072B8B2077006A32EA /* CollectionViewTableViewCell.swift */,
				D9A634F82B8B3C7700ABF9A0 /* HeroHeaderUIView.swift */,
				D97B17F72B8CB9E800079D6F /* TitleCollectionViewCell.swift */,
				D9549BD52B8EEFE900D32D0A /* TitleTableViewCell.swift */,
			);
			path = Views;
			sourceTree = "<group>";
		};
		D95859042B8B2022006A32EA /* Models */ = {
			isa = PBXGroup;
			children = (
				D9E12EA12B8C776700EBD538 /* Title.swift */,
				D97921D52B99F03B00DA580E /* YoutubeSearchResponse.swift */,
			);
			path = Models;
			sourceTree = "<group>";
		};
		D95859052B8B202B006A32EA /* Resources */ = {
			isa = PBXGroup;
			children = (
				D99AFFE22B8C8C870035C506 /* Extensions.swift */,
			);
			path = Resources;
			sourceTree = "<group>";
		};
		D95859062B8B203B006A32EA /* Managers */ = {
			isa = PBXGroup;
			children = (
				D967B0D52BD6B870004E9127 /* NetflixColneModel.xcdatamodeld */,
				D9E12E9F2B8C701E00EBD538 /* APICaller.swift */,
				D90829AD2BD7B811009F0624 /* DataPersistenceManager.swift */,
			);
			path = Managers;
			sourceTree = "<group>";
		};
		D98811B22B8AFD14009ECC53 = {
			isa = PBXGroup;
			children = (
				D98811BD2B8AFD14009ECC53 /* Netflix Clone */,
				D98811BC2B8AFD14009ECC53 /* Products */,
			);
			sourceTree = "<group>";
		};
		D98811BC2B8AFD14009ECC53 /* Products */ = {
			isa = PBXGroup;
			children = (
				D98811BB2B8AFD14009ECC53 /* Netflix Clone.app */,
			);
			name = Products;
			sourceTree = "<group>";
		};
		D98811BD2B8AFD14009ECC53 /* Netflix Clone */ = {
			isa = PBXGroup;
			children = (
				D98811BE2B8AFD14009ECC53 /* AppDelegate.swift */,
				D98811C02B8AFD14009ECC53 /* SceneDelegate.swift */,
				D95859062B8B203B006A32EA /* Managers */,
				D95859052B8B202B006A32EA /* Resources */,
				D95859042B8B2022006A32EA /* Models */,
				D95859032B8B201A006A32EA /* Views */,
				D95859022B8B2010006A32EA /* ViewModels */,
				D98811D22B8AFE56009ECC53 /* Controllers */,
				D98811C72B8AFD16009ECC53 /* Assets.xcassets */,
				D98811C92B8AFD16009ECC53 /* LaunchScreen.storyboard */,
				D98811CC2B8AFD16009ECC53 /* Info.plist */,
			);
			path = "Netflix Clone";
			sourceTree = "<group>";
		};
		D98811D22B8AFE56009ECC53 /* Controllers */ = {
			isa = PBXGroup;
			children = (
				D9B0336D2B8F306D00E6A84F /* General */,
				D9B0336C2B8F305E00E6A84F /* Core */,
			);
			path = Controllers;
			sourceTree = "<group>";
		};
		D9B0336C2B8F305E00E6A84F /* Core */ = {
			isa = PBXGroup;
			children = (
				D98811D32B8AFE71009ECC53 /* HomeViewController.swift */,
				D98811D52B8AFECC009ECC53 /* UpcomingViewController.swift */,
				D98811D72B8AFF1C009ECC53 /* SearchViewController.swift */,
				D98811D92B8AFF32009ECC53 /* DownloadViewController.swift */,
				D98811C22B8AFD14009ECC53 /* MainTabBarViewController.swift */,
			);
			path = Core;
			sourceTree = "<group>";
		};
		D9B0336D2B8F306D00E6A84F /* General */ = {
			isa = PBXGroup;
			children = (
				D9B0336E2B8F30A400E6A84F /* SearchResultsViewController.swift */,
				D9A118EB2B9CB1B300C4FA5A /* TitlePreviewViewController.swift */,
			);
			path = General;
			sourceTree = "<group>";
		};
/* End PBXGroup section */

/* Begin PBXNativeTarget section */
		D98811BA2B8AFD14009ECC53 /* Netflix Clone */ = {
			isa = PBXNativeTarget;
			buildConfigurationList = D98811CF2B8AFD16009ECC53 /* Build configuration list for PBXNativeTarget "Netflix Clone" */;
			buildPhases = (
				D98811B72B8AFD14009ECC53 /* Sources */,
				D98811B82B8AFD14009ECC53 /* Frameworks */,
				D98811B92B8AFD14009ECC53 /* Resources */,
			);
			buildRules = (
			);
			dependencies = (
			);
			name = "Netflix Clone";
			packageProductDependencies = (
				D97B17FA2B8CBB6F00079D6F /* SDWebImage */,
				D97B17FC2B8CBB6F00079D6F /* SDWebImageMapKit */,
			);
			productName = "Netflix Clone";
			productReference = D98811BB2B8AFD14009ECC53 /* Netflix Clone.app */;
			productType = "com.apple.product-type.application";
		};
/* End PBXNativeTarget section */

/* Begin PBXProject section */
		D98811B32B8AFD14009ECC53 /* Project object */ = {
			isa = PBXProject;
			attributes = {
				BuildIndependentTargetsInParallel = 1;
				LastSwiftUpdateCheck = 1510;
				LastUpgradeCheck = 1510;
				TargetAttributes = {
					D98811BA2B8AFD14009ECC53 = {
						CreatedOnToolsVersion = 15.1;
					};
				};
			};
			buildConfigurationList = D98811B62B8AFD14009ECC53 /* Build configuration list for PBXProject "Netflix Clone" */;
			compatibilityVersion = "Xcode 14.0";
			developmentRegion = en;
			hasScannedForEncodings = 0;
			knownRegions = (
				en,
				Base,
			);
			mainGroup = D98811B22B8AFD14009ECC53;
			packageReferences = (
				D97B17F92B8CBB6F00079D6F /* XCRemoteSwiftPackageReference "SDWebImage" */,
			);
			productRefGroup = D98811BC2B8AFD14009ECC53 /* Products */;
			projectDirPath = "";
			projectRoot = "";
			targets = (
				D98811BA2B8AFD14009ECC53 /* Netflix Clone */,
			);
		};
/* End PBXProject section */

/* Begin PBXResourcesBuildPhase section */
		D98811B92B8AFD14009ECC53 /* Resources */ = {
			isa = PBXResourcesBuildPhase;
			buildActionMask = 2147483647;
			files = (
				D98811CB2B8AFD16009ECC53 /* LaunchScreen.storyboard in Resources */,
				D98811C82B8AFD16009ECC53 /* Assets.xcassets in Resources */,
			);
			runOnlyForDeploymentPostprocessing = 0;
		};
/* End PBXResourcesBuildPhase section */

/* Begin PBXSourcesBuildPhase section */
		D98811B72B8AFD14009ECC53 /* Sources */ = {
			isa = PBXSourcesBuildPhase;
			buildActionMask = 2147483647;
			files = (
				D9549BD62B8EEFE900D32D0A /* TitleTableViewCell.swift in Sources */,
				D98811D82B8AFF1C009ECC53 /* SearchViewController.swift in Sources */,
				D97B17F82B8CB9E800079D6F /* TitleCollectionViewCell.swift in Sources */,
				D90829AE2BD7B811009F0624 /* DataPersistenceManager.swift in Sources */,
				D98811C32B8AFD14009ECC53 /* MainTabBarViewController.swift in Sources */,
				D95859082B8B2077006A32EA /* CollectionViewTableViewCell.swift in Sources */,
				D9E12EA02B8C701E00EBD538 /* APICaller.swift in Sources */,
				D97921D62B99F03B00DA580E /* YoutubeSearchResponse.swift in Sources */,
				D9A634F92B8B3C7700ABF9A0 /* HeroHeaderUIView.swift in Sources */,
				D98811D62B8AFECC009ECC53 /* UpcomingViewController.swift in Sources */,
				D98811DA2B8AFF32009ECC53 /* DownloadViewController.swift in Sources */,
				D967B0D72BD6B870004E9127 /* NetflixColneModel.xcdatamodeld in Sources */,
				D9B0336F2B8F30A400E6A84F /* SearchResultsViewController.swift in Sources */,
				D99AFFE32B8C8C870035C506 /* Extensions.swift in Sources */,
				D98811BF2B8AFD14009ECC53 /* AppDelegate.swift in Sources */,
				D9AB39C82BA3A0D7004DCDF4 /* TitlePreviewViewModel.swift in Sources */,
				D98811C12B8AFD14009ECC53 /* SceneDelegate.swift in Sources */,
				D9A118EC2B9CB1B300C4FA5A /* TitlePreviewViewController.swift in Sources */,
				D9E12EA22B8C776700EBD538 /* Title.swift in Sources */,
				D98811D42B8AFE71009ECC53 /* HomeViewController.swift in Sources */,
				D9549BD82B8EF42C00D32D0A /* TitleViewModel.swift in Sources */,
			);
			runOnlyForDeploymentPostprocessing = 0;
		};
/* End PBXSourcesBuildPhase section */

/* Begin PBXVariantGroup section */
		D98811C92B8AFD16009ECC53 /* LaunchScreen.storyboard */ = {
			isa = PBXVariantGroup;
			children = (
				D98811CA2B8AFD16009ECC53 /* Base */,
			);
			name = LaunchScreen.storyboard;
			sourceTree = "<group>";
		};
/* End PBXVariantGroup section */

/* Begin XCBuildConfiguration section */
		D98811CD2B8AFD16009ECC53 /* Debug */ = {
			isa = XCBuildConfiguration;
			buildSettings = {
				ALWAYS_SEARCH_USER_PATHS = NO;
				ASSETCATALOG_COMPILER_GENERATE_SWIFT_ASSET_SYMBOL_EXTENSIONS = YES;
				CLANG_ANALYZER_NONNULL = YES;
				CLANG_ANALYZER_NUMBER_OBJECT_CONVERSION = YES_AGGRESSIVE;
				CLANG_CXX_LANGUAGE_STANDARD = "gnu++20";
				CLANG_ENABLE_MODULES = YES;
				CLANG_ENABLE_OBJC_ARC = YES;
				CLANG_ENABLE_OBJC_WEAK = YES;
				CLANG_WARN_BLOCK_CAPTURE_AUTORELEASING = YES;
				CLANG_WARN_BOOL_CONVERSION = YES;
				CLANG_WARN_COMMA = YES;
				CLANG_WARN_CONSTANT_CONVERSION = YES;
				CLANG_WARN_DEPRECATED_OBJC_IMPLEMENTATIONS = YES;
				CLANG_WARN_DIRECT_OBJC_ISA_USAGE = YES_ERROR;
				CLANG_WARN_DOCUMENTATION_COMMENTS = YES;
				CLANG_WARN_EMPTY_BODY = YES;
				CLANG_WARN_ENUM_CONVERSION = YES;
				CLANG_WARN_INFINITE_RECURSION = YES;
				CLANG_WARN_INT_CONVERSION = YES;
				CLANG_WARN_NON_LITERAL_NULL_CONVERSION = YES;
				CLANG_WARN_OBJC_IMPLICIT_RETAIN_SELF = YES;
				CLANG_WARN_OBJC_LITERAL_CONVERSION = YES;
				CLANG_WARN_OBJC_ROOT_CLASS = YES_ERROR;
				CLANG_WARN_QUOTED_INCLUDE_IN_FRAMEWORK_HEADER = YES;
				CLANG_WARN_RANGE_LOOP_ANALYSIS = YES;
				CLANG_WARN_STRICT_PROTOTYPES = YES;
				CLANG_WARN_SUSPICIOUS_MOVE = YES;
				CLANG_WARN_UNGUARDED_AVAILABILITY = YES_AGGRESSIVE;
				CLANG_WARN_UNREACHABLE_CODE = YES;
				CLANG_WARN__DUPLICATE_METHOD_MATCH = YES;
				COPY_PHASE_STRIP = NO;
				DEBUG_INFORMATION_FORMAT = dwarf;
				ENABLE_STRICT_OBJC_MSGSEND = YES;
				ENABLE_TESTABILITY = YES;
				ENABLE_USER_SCRIPT_SANDBOXING = YES;
				GCC_C_LANGUAGE_STANDARD = gnu17;
				GCC_DYNAMIC_NO_PIC = NO;
				GCC_NO_COMMON_BLOCKS = YES;
				GCC_OPTIMIZATION_LEVEL = 0;
				GCC_PREPROCESSOR_DEFINITIONS = (
					"DEBUG=1",
					"$(inherited)",
				);
				GCC_WARN_64_TO_32_BIT_CONVERSION = YES;
				GCC_WARN_ABOUT_RETURN_TYPE = YES_ERROR;
				GCC_WARN_UNDECLARED_SELECTOR = YES;
				GCC_WARN_UNINITIALIZED_AUTOS = YES_AGGRESSIVE;
				GCC_WARN_UNUSED_FUNCTION = YES;
				GCC_WARN_UNUSED_VARIABLE = YES;
				IPHONEOS_DEPLOYMENT_TARGET = 17.2;
				LOCALIZATION_PREFERS_STRING_CATALOGS = YES;
				MTL_ENABLE_DEBUG_INFO = INCLUDE_SOURCE;
				MTL_FAST_MATH = YES;
				ONLY_ACTIVE_ARCH = YES;
				SDKROOT = iphoneos;
				SWIFT_ACTIVE_COMPILATION_CONDITIONS = "DEBUG $(inherited)";
				SWIFT_OPTIMIZATION_LEVEL = "-Onone";
			};
			name = Debug;
		};
		D98811CE2B8AFD16009ECC53 /* Release */ = {
			isa = XCBuildConfiguration;
			buildSettings = {
				ALWAYS_SEARCH_USER_PATHS = NO;
				ASSETCATALOG_COMPILER_GENERATE_SWIFT_ASSET_SYMBOL_EXTENSIONS = YES;
				CLANG_ANALYZER_NONNULL = YES;
				CLANG_ANALYZER_NUMBER_OBJECT_CONVERSION = YES_AGGRESSIVE;
				CLANG_CXX_LANGUAGE_STANDARD = "gnu++20";
				CLANG_ENABLE_MODULES = YES;
				CLANG_ENABLE_OBJC_ARC = YES;
				CLANG_ENABLE_OBJC_WEAK = YES;
				CLANG_WARN_BLOCK_CAPTURE_AUTORELEASING = YES;
				CLANG_WARN_BOOL_CONVERSION = YES;
				CLANG_WARN_COMMA = YES;
				CLANG_WARN_CONSTANT_CONVERSION = YES;
				CLANG_WARN_DEPRECATED_OBJC_IMPLEMENTATIONS = YES;
				CLANG_WARN_DIRECT_OBJC_ISA_USAGE = YES_ERROR;
				CLANG_WARN_DOCUMENTATION_COMMENTS = YES;
				CLANG_WARN_EMPTY_BODY = YES;
				CLANG_WARN_ENUM_CONVERSION = YES;
				CLANG_WARN_INFINITE_RECURSION = YES;
				CLANG_WARN_INT_CONVERSION = YES;
				CLANG_WARN_NON_LITERAL_NULL_CONVERSION = YES;
				CLANG_WARN_OBJC_IMPLICIT_RETAIN_SELF = YES;
				CLANG_WARN_OBJC_LITERAL_CONVERSION = YES;
				CLANG_WARN_OBJC_ROOT_CLASS = YES_ERROR;
				CLANG_WARN_QUOTED_INCLUDE_IN_FRAMEWORK_HEADER = YES;
				CLANG_WARN_RANGE_LOOP_ANALYSIS = YES;
				CLANG_WARN_STRICT_PROTOTYPES = YES;
				CLANG_WARN_SUSPICIOUS_MOVE = YES;
				CLANG_WARN_UNGUARDED_AVAILABILITY = YES_AGGRESSIVE;
				CLANG_WARN_UNREACHABLE_CODE = YES;
				CLANG_WARN__DUPLICATE_METHOD_MATCH = YES;
				COPY_PHASE_STRIP = NO;
				DEBUG_INFORMATION_FORMAT = "dwarf-with-dsym";
				ENABLE_NS_ASSERTIONS = NO;
				ENABLE_STRICT_OBJC_MSGSEND = YES;
				ENABLE_USER_SCRIPT_SANDBOXING = YES;
				GCC_C_LANGUAGE_STANDARD = gnu17;
				GCC_NO_COMMON_BLOCKS = YES;
				GCC_WARN_64_TO_32_BIT_CONVERSION = YES;
				GCC_WARN_ABOUT_RETURN_TYPE = YES_ERROR;
				GCC_WARN_UNDECLARED_SELECTOR = YES;
				GCC_WARN_UNINITIALIZED_AUTOS = YES_AGGRESSIVE;
				GCC_WARN_UNUSED_FUNCTION = YES;
				GCC_WARN_UNUSED_VARIABLE = YES;
				IPHONEOS_DEPLOYMENT_TARGET = 17.2;
				LOCALIZATION_PREFERS_STRING_CATALOGS = YES;
				MTL_ENABLE_DEBUG_INFO = NO;
				MTL_FAST_MATH = YES;
				SDKROOT = iphoneos;
				SWIFT_COMPILATION_MODE = wholemodule;
				VALIDATE_PRODUCT = YES;
			};
			name = Release;
		};
		D98811D02B8AFD16009ECC53 /* Debug */ = {
			isa = XCBuildConfiguration;
			buildSettings = {
				ASSETCATALOG_COMPILER_APPICON_NAME = AppIcon;
				ASSETCATALOG_COMPILER_GLOBAL_ACCENT_COLOR_NAME = AccentColor;
				CODE_SIGN_STYLE = Automatic;
				CURRENT_PROJECT_VERSION = 1;
				DEVELOPMENT_TEAM = DT255HFVSG;
				GENERATE_INFOPLIST_FILE = YES;
				INFOPLIST_FILE = "Netflix Clone/Info.plist";
				INFOPLIST_KEY_UIApplicationSupportsIndirectInputEvents = YES;
				INFOPLIST_KEY_UILaunchStoryboardName = LaunchScreen;
				INFOPLIST_KEY_UISupportedInterfaceOrientations_iPad = "UIInterfaceOrientationPortrait UIInterfaceOrientationPortraitUpsideDown UIInterfaceOrientationLandscapeLeft UIInterfaceOrientationLandscapeRight";
				INFOPLIST_KEY_UISupportedInterfaceOrientations_iPhone = "UIInterfaceOrientationPortrait UIInterfaceOrientationLandscapeLeft UIInterfaceOrientationLandscapeRight";
				LD_RUNPATH_SEARCH_PATHS = (
					"$(inherited)",
					"@executable_path/Frameworks",
				);
				MARKETING_VERSION = 1.0;
				PRODUCT_BUNDLE_IDENTIFIER = "com.mohamed.Netflix-Clone";
				PRODUCT_NAME = "$(TARGET_NAME)";
				SWIFT_EMIT_LOC_STRINGS = YES;
				SWIFT_VERSION = 5.0;
				TARGETED_DEVICE_FAMILY = "1,2";
			};
			name = Debug;
		};
		D98811D12B8AFD16009ECC53 /* Release */ = {
			isa = XCBuildConfiguration;
			buildSettings = {
				ASSETCATALOG_COMPILER_APPICON_NAME = AppIcon;
				ASSETCATALOG_COMPILER_GLOBAL_ACCENT_COLOR_NAME = AccentColor;
				CODE_SIGN_STYLE = Automatic;
				CURRENT_PROJECT_VERSION = 1;
				DEVELOPMENT_TEAM = DT255HFVSG;
				GENERATE_INFOPLIST_FILE = YES;
				INFOPLIST_FILE = "Netflix Clone/Info.plist";
				INFOPLIST_KEY_UIApplicationSupportsIndirectInputEvents = YES;
				INFOPLIST_KEY_UILaunchStoryboardName = LaunchScreen;
				INFOPLIST_KEY_UISupportedInterfaceOrientations_iPad = "UIInterfaceOrientationPortrait UIInterfaceOrientationPortraitUpsideDown UIInterfaceOrientationLandscapeLeft UIInterfaceOrientationLandscapeRight";
				INFOPLIST_KEY_UISupportedInterfaceOrientations_iPhone = "UIInterfaceOrientationPortrait UIInterfaceOrientationLandscapeLeft UIInterfaceOrientationLandscapeRight";
				LD_RUNPATH_SEARCH_PATHS = (
					"$(inherited)",
					"@executable_path/Frameworks",
				);
				MARKETING_VERSION = 1.0;
				PRODUCT_BUNDLE_IDENTIFIER = "com.mohamed.Netflix-Clone";
				PRODUCT_NAME = "$(TARGET_NAME)";
				SWIFT_EMIT_LOC_STRINGS = YES;
				SWIFT_VERSION = 5.0;
				TARGETED_DEVICE_FAMILY = "1,2";
			};
			name = Release;
		};
/* End XCBuildConfiguration section */

/* Begin XCConfigurationList section */
		D98811B62B8AFD14009ECC53 /* Build configuration list for PBXProject "Netflix Clone" */ = {
			isa = XCConfigurationList;
			buildConfigurations = (
				D98811CD2B8AFD16009ECC53 /* Debug */,
				D98811CE2B8AFD16009ECC53 /* Release */,
			);
			defaultConfigurationIsVisible = 0;
			defaultConfigurationName = Release;
		};
		D98811CF2B8AFD16009ECC53 /* Build configuration list for PBXNativeTarget "Netflix Clone" */ = {
			isa = XCConfigurationList;
			buildConfigurations = (
				D98811D02B8AFD16009ECC53 /* Debug */,
				D98811D12B8AFD16009ECC53 /* Release */,
			);
			defaultConfigurationIsVisible = 0;
			defaultConfigurationName = Release;
		};
/* End XCConfigurationList section */

/* Begin XCRemoteSwiftPackageReference section */
		D97B17F92B8CBB6F00079D6F /* XCRemoteSwiftPackageReference "SDWebImage" */ = {
			isa = XCRemoteSwiftPackageReference;
			repositoryURL = "https://github.com/SDWebImage/SDWebImage.git";
			requirement = {
				kind = upToNextMajorVersion;
				minimumVersion = 5.19.0;
			};
		};
/* End XCRemoteSwiftPackageReference section */

/* Begin XCSwiftPackageProductDependency section */
		D97B17FA2B8CBB6F00079D6F /* SDWebImage */ = {
			isa = XCSwiftPackageProductDependency;
			package = D97B17F92B8CBB6F00079D6F /* XCRemoteSwiftPackageReference "SDWebImage" */;
			productName = SDWebImage;
		};
		D97B17FC2B8CBB6F00079D6F /* SDWebImageMapKit */ = {
			isa = XCSwiftPackageProductDependency;
			package = D97B17F92B8CBB6F00079D6F /* XCRemoteSwiftPackageReference "SDWebImage" */;
			productName = SDWebImageMapKit;
		};
/* End XCSwiftPackageProductDependency section */

/* Begin XCVersionGroup section */
		D967B0D52BD6B870004E9127 /* NetflixColneModel.xcdatamodeld */ = {
			isa = XCVersionGroup;
			children = (
				D967B0D62BD6B870004E9127 /* NetflixColneModel.xcdatamodel */,
			);
			currentVersion = D967B0D62BD6B870004E9127 /* NetflixColneModel.xcdatamodel */;
			path = NetflixColneModel.xcdatamodeld;
			sourceTree = "<group>";
			versionGroupType = wrapper.xcdatamodel;
		};
/* End XCVersionGroup section */
	};
	rootObject = D98811B32B8AFD14009ECC53 /* Project object */;
}
